// !$*UTF8*$!
{
	archiveVersion = 1;
	classes = {
	};
	objectVersion = 56;
	objects = {

/* Begin PBXBuildFile section */
		CD64D74A2954F6D6000FE707 /* LoadingCell.swift in Sources */ = {isa = PBXBuildFile; fileRef = CD64D7492954F6D6000FE707 /* LoadingCell.swift */; };
		CDD324A82950E7FC009775A1 /* AppDelegate.swift in Sources */ = {isa = PBXBuildFile; fileRef = CDD324A72950E7FC009775A1 /* AppDelegate.swift */; };
		CDD324AA2950E7FC009775A1 /* SceneDelegate.swift in Sources */ = {isa = PBXBuildFile; fileRef = CDD324A92950E7FC009775A1 /* SceneDelegate.swift */; };
		CDD324AC2950E7FC009775A1 /* HomeViewController.swift in Sources */ = {isa = PBXBuildFile; fileRef = CDD324AB2950E7FC009775A1 /* HomeViewController.swift */; };
		CDD324AF2950E7FC009775A1 /* Main.storyboard in Resources */ = {isa = PBXBuildFile; fileRef = CDD324AD2950E7FC009775A1 /* Main.storyboard */; };
		CDD324B12950E7FD009775A1 /* Assets.xcassets in Resources */ = {isa = PBXBuildFile; fileRef = CDD324B02950E7FD009775A1 /* Assets.xcassets */; };
		CDD324B42950E7FD009775A1 /* LaunchScreen.storyboard in Resources */ = {isa = PBXBuildFile; fileRef = CDD324B22950E7FD009775A1 /* LaunchScreen.storyboard */; };
		CDD324BF2950E7FD009775A1 /* BeersTests.swift in Sources */ = {isa = PBXBuildFile; fileRef = CDD324BE2950E7FD009775A1 /* BeersTests.swift */; };
		CDD324C92950E7FE009775A1 /* BeersUITests.swift in Sources */ = {isa = PBXBuildFile; fileRef = CDD324C82950E7FE009775A1 /* BeersUITests.swift */; };
		CDD324CB2950E7FE009775A1 /* BeersUITestsLaunchTests.swift in Sources */ = {isa = PBXBuildFile; fileRef = CDD324CA2950E7FE009775A1 /* BeersUITestsLaunchTests.swift */; };
		CDD324D92950E854009775A1 /* HomeViewModel.swift in Sources */ = {isa = PBXBuildFile; fileRef = CDD324D82950E854009775A1 /* HomeViewModel.swift */; };
		CDD324DC2950E869009775A1 /* Beer.swift in Sources */ = {isa = PBXBuildFile; fileRef = CDD324DB2950E869009775A1 /* Beer.swift */; };
		CDD324DE2950ECD3009775A1 /* BeerCell.swift in Sources */ = {isa = PBXBuildFile; fileRef = CDD324DD2950ECD3009775A1 /* BeerCell.swift */; };
		CDD324E32950EE49009775A1 /* BeerViewModel.swift in Sources */ = {isa = PBXBuildFile; fileRef = CDD324E22950EE49009775A1 /* BeerViewModel.swift */; };
		CDD324E52950F280009775A1 /* BeerDetailsViewController.swift in Sources */ = {isa = PBXBuildFile; fileRef = CDD324E42950F280009775A1 /* BeerDetailsViewController.swift */; };
		CDD324E82950F41D009775A1 /* UIImageView+Extensions.swift in Sources */ = {isa = PBXBuildFile; fileRef = CDD324E72950F41D009775A1 /* UIImageView+Extensions.swift */; };
		CDD324EA2950F7E3009775A1 /* Notifications.swift in Sources */ = {isa = PBXBuildFile; fileRef = CDD324E92950F7E3009775A1 /* Notifications.swift */; };
/* End PBXBuildFile section */

/* Begin PBXContainerItemProxy section */
		CDD324BB2950E7FD009775A1 /* PBXContainerItemProxy */ = {
			isa = PBXContainerItemProxy;
			containerPortal = CDD3249C2950E7FC009775A1 /* Project object */;
			proxyType = 1;
			remoteGlobalIDString = CDD324A32950E7FC009775A1;
			remoteInfo = Beers;
		};
		CDD324C52950E7FE009775A1 /* PBXContainerItemProxy */ = {
			isa = PBXContainerItemProxy;
			containerPortal = CDD3249C2950E7FC009775A1 /* Project object */;
			proxyType = 1;
			remoteGlobalIDString = CDD324A32950E7FC009775A1;
			remoteInfo = Beers;
		};
/* End PBXContainerItemProxy section */

/* Begin PBXFileReference section */
		CD64D7492954F6D6000FE707 /* LoadingCell.swift */ = {isa = PBXFileReference; lastKnownFileType = sourcecode.swift; path = LoadingCell.swift; sourceTree = "<group>"; };
		CDD324A42950E7FC009775A1 /* Beers.app */ = {isa = PBXFileReference; explicitFileType = wrapper.application; includeInIndex = 0; path = Beers.app; sourceTree = BUILT_PRODUCTS_DIR; };
		CDD324A72950E7FC009775A1 /* AppDelegate.swift */ = {isa = PBXFileReference; lastKnownFileType = sourcecode.swift; path = AppDelegate.swift; sourceTree = "<group>"; };
		CDD324A92950E7FC009775A1 /* SceneDelegate.swift */ = {isa = PBXFileReference; lastKnownFileType = sourcecode.swift; path = SceneDelegate.swift; sourceTree = "<group>"; };
		CDD324AB2950E7FC009775A1 /* HomeViewController.swift */ = {isa = PBXFileReference; lastKnownFileType = sourcecode.swift; path = HomeViewController.swift; sourceTree = "<group>"; };
		CDD324AE2950E7FC009775A1 /* Base */ = {isa = PBXFileReference; lastKnownFileType = file.storyboard; name = Base; path = Base.lproj/Main.storyboard; sourceTree = "<group>"; };
		CDD324B02950E7FD009775A1 /* Assets.xcassets */ = {isa = PBXFileReference; lastKnownFileType = folder.assetcatalog; path = Assets.xcassets; sourceTree = "<group>"; };
		CDD324B32950E7FD009775A1 /* Base */ = {isa = PBXFileReference; lastKnownFileType = file.storyboard; name = Base; path = Base.lproj/LaunchScreen.storyboard; sourceTree = "<group>"; };
		CDD324B52950E7FD009775A1 /* Info.plist */ = {isa = PBXFileReference; lastKnownFileType = text.plist.xml; path = Info.plist; sourceTree = "<group>"; };
		CDD324BA2950E7FD009775A1 /* BeersTests.xctest */ = {isa = PBXFileReference; explicitFileType = wrapper.cfbundle; includeInIndex = 0; path = BeersTests.xctest; sourceTree = BUILT_PRODUCTS_DIR; };
		CDD324BE2950E7FD009775A1 /* BeersTests.swift */ = {isa = PBXFileReference; lastKnownFileType = sourcecode.swift; path = BeersTests.swift; sourceTree = "<group>"; };
		CDD324C42950E7FE009775A1 /* BeersUITests.xctest */ = {isa = PBXFileReference; explicitFileType = wrapper.cfbundle; includeInIndex = 0; path = BeersUITests.xctest; sourceTree = BUILT_PRODUCTS_DIR; };
		CDD324C82950E7FE009775A1 /* BeersUITests.swift */ = {isa = PBXFileReference; lastKnownFileType = sourcecode.swift; path = BeersUITests.swift; sourceTree = "<group>"; };
		CDD324CA2950E7FE009775A1 /* BeersUITestsLaunchTests.swift */ = {isa = PBXFileReference; lastKnownFileType = sourcecode.swift; path = BeersUITestsLaunchTests.swift; sourceTree = "<group>"; };
		CDD324D82950E854009775A1 /* HomeViewModel.swift */ = {isa = PBXFileReference; lastKnownFileType = sourcecode.swift; path = HomeViewModel.swift; sourceTree = "<group>"; };
		CDD324DB2950E869009775A1 /* Beer.swift */ = {isa = PBXFileReference; lastKnownFileType = sourcecode.swift; path = Beer.swift; sourceTree = "<group>"; };
		CDD324DD2950ECD3009775A1 /* BeerCell.swift */ = {isa = PBXFileReference; lastKnownFileType = sourcecode.swift; path = BeerCell.swift; sourceTree = "<group>"; };
		CDD324E22950EE49009775A1 /* BeerViewModel.swift */ = {isa = PBXFileReference; lastKnownFileType = sourcecode.swift; path = BeerViewModel.swift; sourceTree = "<group>"; };
		CDD324E42950F280009775A1 /* BeerDetailsViewController.swift */ = {isa = PBXFileReference; lastKnownFileType = sourcecode.swift; path = BeerDetailsViewController.swift; sourceTree = "<group>"; };
		CDD324E72950F41D009775A1 /* UIImageView+Extensions.swift */ = {isa = PBXFileReference; lastKnownFileType = sourcecode.swift; path = "UIImageView+Extensions.swift"; sourceTree = "<group>"; };
		CDD324E92950F7E3009775A1 /* Notifications.swift */ = {isa = PBXFileReference; lastKnownFileType = sourcecode.swift; path = Notifications.swift; sourceTree = "<group>"; };
/* End PBXFileReference section */

/* Begin PBXFrameworksBuildPhase section */
		CDD324A12950E7FC009775A1 /* Frameworks */ = {
			isa = PBXFrameworksBuildPhase;
			buildActionMask = 2147483647;
			files = (
			);
			runOnlyForDeploymentPostprocessing = 0;
		};
		CDD324B72950E7FD009775A1 /* Frameworks */ = {
			isa = PBXFrameworksBuildPhase;
			buildActionMask = 2147483647;
			files = (
			);
			runOnlyForDeploymentPostprocessing = 0;
		};
		CDD324C12950E7FE009775A1 /* Frameworks */ = {
			isa = PBXFrameworksBuildPhase;
			buildActionMask = 2147483647;
			files = (
			);
			runOnlyForDeploymentPostprocessing = 0;
		};
/* End PBXFrameworksBuildPhase section */

/* Begin PBXGroup section */
		CD64D7482954F6CC000FE707 /* Components */ = {
			isa = PBXGroup;
			children = (
				CD64D7492954F6D6000FE707 /* LoadingCell.swift */,
			);
			path = Components;
			sourceTree = "<group>";
		};
		CDD3249B2950E7FC009775A1 = {
			isa = PBXGroup;
			children = (
				CDD324A62950E7FC009775A1 /* Beers */,
				CDD324BD2950E7FD009775A1 /* BeersTests */,
				CDD324C72950E7FE009775A1 /* BeersUITests */,
				CDD324A52950E7FC009775A1 /* Products */,
			);
			sourceTree = "<group>";
		};
		CDD324A52950E7FC009775A1 /* Products */ = {
			isa = PBXGroup;
			children = (
				CDD324A42950E7FC009775A1 /* Beers.app */,
				CDD324BA2950E7FD009775A1 /* BeersTests.xctest */,
				CDD324C42950E7FE009775A1 /* BeersUITests.xctest */,
			);
			name = Products;
			sourceTree = "<group>";
		};
		CDD324A62950E7FC009775A1 /* Beers */ = {
			isa = PBXGroup;
			children = (
				CDD324A72950E7FC009775A1 /* AppDelegate.swift */,
				CDD324A92950E7FC009775A1 /* SceneDelegate.swift */,
				CD64D7482954F6CC000FE707 /* Components */,
				CDD324D72950E80D009775A1 /* Home */,
				CDD324DF2950EE29009775A1 /* Beer */,
				CDD324E62950F410009775A1 /* Utils */,
				CDD324AD2950E7FC009775A1 /* Main.storyboard */,
				CDD324B02950E7FD009775A1 /* Assets.xcassets */,
				CDD324B22950E7FD009775A1 /* LaunchScreen.storyboard */,
				CDD324B52950E7FD009775A1 /* Info.plist */,
			);
			path = Beers;
			sourceTree = "<group>";
		};
		CDD324BD2950E7FD009775A1 /* BeersTests */ = {
			isa = PBXGroup;
			children = (
				CDD324BE2950E7FD009775A1 /* BeersTests.swift */,
			);
			path = BeersTests;
			sourceTree = "<group>";
		};
		CDD324C72950E7FE009775A1 /* BeersUITests */ = {
			isa = PBXGroup;
			children = (
				CDD324C82950E7FE009775A1 /* BeersUITests.swift */,
				CDD324CA2950E7FE009775A1 /* BeersUITestsLaunchTests.swift */,
			);
			path = BeersUITests;
			sourceTree = "<group>";
		};
		CDD324D72950E80D009775A1 /* Home */ = {
			isa = PBXGroup;
			children = (
				CDD324AB2950E7FC009775A1 /* HomeViewController.swift */,
				CDD324D82950E854009775A1 /* HomeViewModel.swift */,
			);
			path = Home;
			sourceTree = "<group>";
		};
		CDD324DA2950E85E009775A1 /* Models */ = {
			isa = PBXGroup;
			children = (
				CDD324DB2950E869009775A1 /* Beer.swift */,
			);
			path = Models;
			sourceTree = "<group>";
		};
		CDD324DF2950EE29009775A1 /* Beer */ = {
			isa = PBXGroup;
			children = (
				CDD324DA2950E85E009775A1 /* Models */,
				CDD324E12950EE3B009775A1 /* ViewModels */,
				CDD324E02950EE34009775A1 /* Views */,
			);
			path = Beer;
			sourceTree = "<group>";
		};
		CDD324E02950EE34009775A1 /* Views */ = {
			isa = PBXGroup;
			children = (
				CDD324DD2950ECD3009775A1 /* BeerCell.swift */,
				CDD324E42950F280009775A1 /* BeerDetailsViewController.swift */,
			);
			path = Views;
			sourceTree = "<group>";
		};
		CDD324E12950EE3B009775A1 /* ViewModels */ = {
			isa = PBXGroup;
			children = (
				CDD324E22950EE49009775A1 /* BeerViewModel.swift */,
			);
			path = ViewModels;
			sourceTree = "<group>";
		};
		CDD324E62950F410009775A1 /* Utils */ = {
			isa = PBXGroup;
			children = (
				CDD324E72950F41D009775A1 /* UIImageView+Extensions.swift */,
				CDD324E92950F7E3009775A1 /* Notifications.swift */,
			);
			path = Utils;
			sourceTree = "<group>";
		};
/* End PBXGroup section */

/* Begin PBXNativeTarget section */
		CDD324A32950E7FC009775A1 /* Beers */ = {
			isa = PBXNativeTarget;
			buildConfigurationList = CDD324CE2950E7FE009775A1 /* Build configuration list for PBXNativeTarget "Beers" */;
			buildPhases = (
				CDD324A02950E7FC009775A1 /* Sources */,
				CDD324A12950E7FC009775A1 /* Frameworks */,
				CDD324A22950E7FC009775A1 /* Resources */,
			);
			buildRules = (
			);
			dependencies = (
			);
			name = Beers;
			productName = Beers;
			productReference = CDD324A42950E7FC009775A1 /* Beers.app */;
			productType = "com.apple.product-type.application";
		};
		CDD324B92950E7FD009775A1 /* BeersTests */ = {
			isa = PBXNativeTarget;
			buildConfigurationList = CDD324D12950E7FE009775A1 /* Build configuration list for PBXNativeTarget "BeersTests" */;
			buildPhases = (
				CDD324B62950E7FD009775A1 /* Sources */,
				CDD324B72950E7FD009775A1 /* Frameworks */,
				CDD324B82950E7FD009775A1 /* Resources */,
			);
			buildRules = (
			);
			dependencies = (
				CDD324BC2950E7FD009775A1 /* PBXTargetDependency */,
			);
			name = BeersTests;
			productName = BeersTests;
			productReference = CDD324BA2950E7FD009775A1 /* BeersTests.xctest */;
			productType = "com.apple.product-type.bundle.unit-test";
		};
		CDD324C32950E7FE009775A1 /* BeersUITests */ = {
			isa = PBXNativeTarget;
			buildConfigurationList = CDD324D42950E7FE009775A1 /* Build configuration list for PBXNativeTarget "BeersUITests" */;
			buildPhases = (
				CDD324C02950E7FE009775A1 /* Sources */,
				CDD324C12950E7FE009775A1 /* Frameworks */,
				CDD324C22950E7FE009775A1 /* Resources */,
			);
			buildRules = (
			);
			dependencies = (
				CDD324C62950E7FE009775A1 /* PBXTargetDependency */,
			);
			name = BeersUITests;
			productName = BeersUITests;
			productReference = CDD324C42950E7FE009775A1 /* BeersUITests.xctest */;
			productType = "com.apple.product-type.bundle.ui-testing";
		};
/* End PBXNativeTarget section */

/* Begin PBXProject section */
		CDD3249C2950E7FC009775A1 /* Project object */ = {
			isa = PBXProject;
			attributes = {
				BuildIndependentTargetsInParallel = 1;
				LastSwiftUpdateCheck = 1400;
				LastUpgradeCheck = 1400;
				TargetAttributes = {
					CDD324A32950E7FC009775A1 = {
						CreatedOnToolsVersion = 14.0;
					};
					CDD324B92950E7FD009775A1 = {
						CreatedOnToolsVersion = 14.0;
						TestTargetID = CDD324A32950E7FC009775A1;
					};
					CDD324C32950E7FE009775A1 = {
						CreatedOnToolsVersion = 14.0;
						TestTargetID = CDD324A32950E7FC009775A1;
					};
				};
			};
			buildConfigurationList = CDD3249F2950E7FC009775A1 /* Build configuration list for PBXProject "Beers" */;
			compatibilityVersion = "Xcode 14.0";
			developmentRegion = en;
			hasScannedForEncodings = 0;
			knownRegions = (
				en,
				Base,
			);
			mainGroup = CDD3249B2950E7FC009775A1;
			productRefGroup = CDD324A52950E7FC009775A1 /* Products */;
			projectDirPath = "";
			projectRoot = "";
			targets = (
				CDD324A32950E7FC009775A1 /* Beers */,
				CDD324B92950E7FD009775A1 /* BeersTests */,
				CDD324C32950E7FE009775A1 /* BeersUITests */,
			);
		};
/* End PBXProject section */

/* Begin PBXResourcesBuildPhase section */
		CDD324A22950E7FC009775A1 /* Resources */ = {
			isa = PBXResourcesBuildPhase;
			buildActionMask = 2147483647;
			files = (
				CDD324B42950E7FD009775A1 /* LaunchScreen.storyboard in Resources */,
				CDD324B12950E7FD009775A1 /* Assets.xcassets in Resources */,
				CDD324AF2950E7FC009775A1 /* Main.storyboard in Resources */,
			);
			runOnlyForDeploymentPostprocessing = 0;
		};
		CDD324B82950E7FD009775A1 /* Resources */ = {
			isa = PBXResourcesBuildPhase;
			buildActionMask = 2147483647;
			files = (
			);
			runOnlyForDeploymentPostprocessing = 0;
		};
		CDD324C22950E7FE009775A1 /* Resources */ = {
			isa = PBXResourcesBuildPhase;
			buildActionMask = 2147483647;
			files = (
			);
			runOnlyForDeploymentPostprocessing = 0;
		};
/* End PBXResourcesBuildPhase section */

/* Begin PBXSourcesBuildPhase section */
		CDD324A02950E7FC009775A1 /* Sources */ = {
			isa = PBXSourcesBuildPhase;
			buildActionMask = 2147483647;
			files = (
				CDD324EA2950F7E3009775A1 /* Notifications.swift in Sources */,
				CDD324E32950EE49009775A1 /* BeerViewModel.swift in Sources */,
				CDD324AC2950E7FC009775A1 /* HomeViewController.swift in Sources */,
				CD64D74A2954F6D6000FE707 /* LoadingCell.swift in Sources */,
				CDD324A82950E7FC009775A1 /* AppDelegate.swift in Sources */,
				CDD324E82950F41D009775A1 /* UIImageView+Extensions.swift in Sources */,
				CDD324DC2950E869009775A1 /* Beer.swift in Sources */,
				CDD324DE2950ECD3009775A1 /* BeerCell.swift in Sources */,
				CDD324E52950F280009775A1 /* BeerDetailsViewController.swift in Sources */,
				CDD324AA2950E7FC009775A1 /* SceneDelegate.swift in Sources */,
				CDD324D92950E854009775A1 /* HomeViewModel.swift in Sources */,
			);
			runOnlyForDeploymentPostprocessing = 0;
		};
		CDD324B62950E7FD009775A1 /* Sources */ = {
			isa = PBXSourcesBuildPhase;
			buildActionMask = 2147483647;
			files = (
				CDD324BF2950E7FD009775A1 /* BeersTests.swift in Sources */,
			);
			runOnlyForDeploymentPostprocessing = 0;
		};
		CDD324C02950E7FE009775A1 /* Sources */ = {
			isa = PBXSourcesBuildPhase;
			buildActionMask = 2147483647;
			files = (
				CDD324CB2950E7FE009775A1 /* BeersUITestsLaunchTests.swift in Sources */,
				CDD324C92950E7FE009775A1 /* BeersUITests.swift in Sources */,
			);
			runOnlyForDeploymentPostprocessing = 0;
		};
/* End PBXSourcesBuildPhase section */

/* Begin PBXTargetDependency section */
		CDD324BC2950E7FD009775A1 /* PBXTargetDependency */ = {
			isa = PBXTargetDependency;
			target = CDD324A32950E7FC009775A1 /* Beers */;
			targetProxy = CDD324BB2950E7FD009775A1 /* PBXContainerItemProxy */;
		};
		CDD324C62950E7FE009775A1 /* PBXTargetDependency */ = {
			isa = PBXTargetDependency;
			target = CDD324A32950E7FC009775A1 /* Beers */;
			targetProxy = CDD324C52950E7FE009775A1 /* PBXContainerItemProxy */;
		};
/* End PBXTargetDependency section */

/* Begin PBXVariantGroup section */
		CDD324AD2950E7FC009775A1 /* Main.storyboard */ = {
			isa = PBXVariantGroup;
			children = (
				CDD324AE2950E7FC009775A1 /* Base */,
			);
			name = Main.storyboard;
			sourceTree = "<group>";
		};
		CDD324B22950E7FD009775A1 /* LaunchScreen.storyboard */ = {
			isa = PBXVariantGroup;
			children = (
				CDD324B32950E7FD009775A1 /* Base */,
			);
			name = LaunchScreen.storyboard;
			sourceTree = "<group>";
		};
/* End PBXVariantGroup section */

/* Begin XCBuildConfiguration section */
		CDD324CC2950E7FE009775A1 /* Debug */ = {
			isa = XCBuildConfiguration;
			buildSettings = {
				ALWAYS_SEARCH_USER_PATHS = NO;
				CLANG_ANALYZER_NONNULL = YES;
				CLANG_ANALYZER_NUMBER_OBJECT_CONVERSION = YES_AGGRESSIVE;
				CLANG_CXX_LANGUAGE_STANDARD = "gnu++20";
				CLANG_ENABLE_MODULES = YES;
				CLANG_ENABLE_OBJC_ARC = YES;
				CLANG_ENABLE_OBJC_WEAK = YES;
				CLANG_WARN_BLOCK_CAPTURE_AUTORELEASING = YES;
				CLANG_WARN_BOOL_CONVERSION = YES;
				CLANG_WARN_COMMA = YES;
				CLANG_WARN_CONSTANT_CONVERSION = YES;
				CLANG_WARN_DEPRECATED_OBJC_IMPLEMENTATIONS = YES;
				CLANG_WARN_DIRECT_OBJC_ISA_USAGE = YES_ERROR;
				CLANG_WARN_DOCUMENTATION_COMMENTS = YES;
				CLANG_WARN_EMPTY_BODY = YES;
				CLANG_WARN_ENUM_CONVERSION = YES;
				CLANG_WARN_INFINITE_RECURSION = YES;
				CLANG_WARN_INT_CONVERSION = YES;
				CLANG_WARN_NON_LITERAL_NULL_CONVERSION = YES;
				CLANG_WARN_OBJC_IMPLICIT_RETAIN_SELF = YES;
				CLANG_WARN_OBJC_LITERAL_CONVERSION = YES;
				CLANG_WARN_OBJC_ROOT_CLASS = YES_ERROR;
				CLANG_WARN_QUOTED_INCLUDE_IN_FRAMEWORK_HEADER = YES;
				CLANG_WARN_RANGE_LOOP_ANALYSIS = YES;
				CLANG_WARN_STRICT_PROTOTYPES = YES;
				CLANG_WARN_SUSPICIOUS_MOVE = YES;
				CLANG_WARN_UNGUARDED_AVAILABILITY = YES_AGGRESSIVE;
				CLANG_WARN_UNREACHABLE_CODE = YES;
				CLANG_WARN__DUPLICATE_METHOD_MATCH = YES;
				COPY_PHASE_STRIP = NO;
				DEBUG_INFORMATION_FORMAT = dwarf;
				ENABLE_STRICT_OBJC_MSGSEND = YES;
				ENABLE_TESTABILITY = YES;
				GCC_C_LANGUAGE_STANDARD = gnu11;
				GCC_DYNAMIC_NO_PIC = NO;
				GCC_NO_COMMON_BLOCKS = YES;
				GCC_OPTIMIZATION_LEVEL = 0;
				GCC_PREPROCESSOR_DEFINITIONS = (
					"DEBUG=1",
					"$(inherited)",
				);
				GCC_WARN_64_TO_32_BIT_CONVERSION = YES;
				GCC_WARN_ABOUT_RETURN_TYPE = YES_ERROR;
				GCC_WARN_UNDECLARED_SELECTOR = YES;
				GCC_WARN_UNINITIALIZED_AUTOS = YES_AGGRESSIVE;
				GCC_WARN_UNUSED_FUNCTION = YES;
				GCC_WARN_UNUSED_VARIABLE = YES;
				IPHONEOS_DEPLOYMENT_TARGET = 16.0;
				MTL_ENABLE_DEBUG_INFO = INCLUDE_SOURCE;
				MTL_FAST_MATH = YES;
				ONLY_ACTIVE_ARCH = YES;
				SDKROOT = iphoneos;
				SWIFT_ACTIVE_COMPILATION_CONDITIONS = DEBUG;
				SWIFT_OPTIMIZATION_LEVEL = "-Onone";
			};
			name = Debug;
		};
		CDD324CD2950E7FE009775A1 /* Release */ = {
			isa = XCBuildConfiguration;
			buildSettings = {
				ALWAYS_SEARCH_USER_PATHS = NO;
				CLANG_ANALYZER_NONNULL = YES;
				CLANG_ANALYZER_NUMBER_OBJECT_CONVERSION = YES_AGGRESSIVE;
				CLANG_CXX_LANGUAGE_STANDARD = "gnu++20";
				CLANG_ENABLE_MODULES = YES;
				CLANG_ENABLE_OBJC_ARC = YES;
				CLANG_ENABLE_OBJC_WEAK = YES;
				CLANG_WARN_BLOCK_CAPTURE_AUTORELEASING = YES;
				CLANG_WARN_BOOL_CONVERSION = YES;
				CLANG_WARN_COMMA = YES;
				CLANG_WARN_CONSTANT_CONVERSION = YES;
				CLANG_WARN_DEPRECATED_OBJC_IMPLEMENTATIONS = YES;
				CLANG_WARN_DIRECT_OBJC_ISA_USAGE = YES_ERROR;
				CLANG_WARN_DOCUMENTATION_COMMENTS = YES;
				CLANG_WARN_EMPTY_BODY = YES;
				CLANG_WARN_ENUM_CONVERSION = YES;
				CLANG_WARN_INFINITE_RECURSION = YES;
				CLANG_WARN_INT_CONVERSION = YES;
				CLANG_WARN_NON_LITERAL_NULL_CONVERSION = YES;
				CLANG_WARN_OBJC_IMPLICIT_RETAIN_SELF = YES;
				CLANG_WARN_OBJC_LITERAL_CONVERSION = YES;
				CLANG_WARN_OBJC_ROOT_CLASS = YES_ERROR;
				CLANG_WARN_QUOTED_INCLUDE_IN_FRAMEWORK_HEADER = YES;
				CLANG_WARN_RANGE_LOOP_ANALYSIS = YES;
				CLANG_WARN_STRICT_PROTOTYPES = YES;
				CLANG_WARN_SUSPICIOUS_MOVE = YES;
				CLANG_WARN_UNGUARDED_AVAILABILITY = YES_AGGRESSIVE;
				CLANG_WARN_UNREACHABLE_CODE = YES;
				CLANG_WARN__DUPLICATE_METHOD_MATCH = YES;
				COPY_PHASE_STRIP = NO;
				DEBUG_INFORMATION_FORMAT = "dwarf-with-dsym";
				ENABLE_NS_ASSERTIONS = NO;
				ENABLE_STRICT_OBJC_MSGSEND = YES;
				GCC_C_LANGUAGE_STANDARD = gnu11;
				GCC_NO_COMMON_BLOCKS = YES;
				GCC_WARN_64_TO_32_BIT_CONVERSION = YES;
				GCC_WARN_ABOUT_RETURN_TYPE = YES_ERROR;
				GCC_WARN_UNDECLARED_SELECTOR = YES;
				GCC_WARN_UNINITIALIZED_AUTOS = YES_AGGRESSIVE;
				GCC_WARN_UNUSED_FUNCTION = YES;
				GCC_WARN_UNUSED_VARIABLE = YES;
				IPHONEOS_DEPLOYMENT_TARGET = 16.0;
				MTL_ENABLE_DEBUG_INFO = NO;
				MTL_FAST_MATH = YES;
				SDKROOT = iphoneos;
				SWIFT_COMPILATION_MODE = wholemodule;
				SWIFT_OPTIMIZATION_LEVEL = "-O";
				VALIDATE_PRODUCT = YES;
			};
			name = Release;
		};
		CDD324CF2950E7FE009775A1 /* Debug */ = {
			isa = XCBuildConfiguration;
			buildSettings = {
				ASSETCATALOG_COMPILER_APPICON_NAME = AppIcon;
				ASSETCATALOG_COMPILER_GLOBAL_ACCENT_COLOR_NAME = AccentColor;
				CODE_SIGN_STYLE = Automatic;
				CURRENT_PROJECT_VERSION = 1;
				DEVELOPMENT_TEAM = 6J86C6MHA9;
				GENERATE_INFOPLIST_FILE = YES;
				INFOPLIST_FILE = Beers/Info.plist;
				INFOPLIST_KEY_UIApplicationSupportsIndirectInputEvents = YES;
				INFOPLIST_KEY_UILaunchStoryboardName = LaunchScreen;
				INFOPLIST_KEY_UIMainStoryboardFile = Main;
				INFOPLIST_KEY_UISupportedInterfaceOrientations_iPad = "UIInterfaceOrientationPortrait UIInterfaceOrientationPortraitUpsideDown UIInterfaceOrientationLandscapeLeft UIInterfaceOrientationLandscapeRight";
				INFOPLIST_KEY_UISupportedInterfaceOrientations_iPhone = "UIInterfaceOrientationPortrait UIInterfaceOrientationLandscapeLeft UIInterfaceOrientationLandscapeRight";
				LD_RUNPATH_SEARCH_PATHS = (
					"$(inherited)",
					"@executable_path/Frameworks",
				);
				MARKETING_VERSION = 1.0;
				PRODUCT_BUNDLE_IDENTIFIER = felipe.test.Beers;
				PRODUCT_NAME = "$(TARGET_NAME)";
				SWIFT_EMIT_LOC_STRINGS = YES;
				SWIFT_VERSION = 5.0;
				TARGETED_DEVICE_FAMILY = "1,2";
			};
			name = Debug;
		};
		CDD324D02950E7FE009775A1 /* Release */ = {
			isa = XCBuildConfiguration;
			buildSettings = {
				ASSETCATALOG_COMPILER_APPICON_NAME = AppIcon;
				ASSETCATALOG_COMPILER_GLOBAL_ACCENT_COLOR_NAME = AccentColor;
				CODE_SIGN_STYLE = Automatic;
				CURRENT_PROJECT_VERSION = 1;
				DEVELOPMENT_TEAM = 6J86C6MHA9;
				GENERATE_INFOPLIST_FILE = YES;
				INFOPLIST_FILE = Beers/Info.plist;
				INFOPLIST_KEY_UIApplicationSupportsIndirectInputEvents = YES;
				INFOPLIST_KEY_UILaunchStoryboardName = LaunchScreen;
				INFOPLIST_KEY_UIMainStoryboardFile = Main;
				INFOPLIST_KEY_UISupportedInterfaceOrientations_iPad = "UIInterfaceOrientationPortrait UIInterfaceOrientationPortraitUpsideDown UIInterfaceOrientationLandscapeLeft UIInterfaceOrientationLandscapeRight";
				INFOPLIST_KEY_UISupportedInterfaceOrientations_iPhone = "UIInterfaceOrientationPortrait UIInterfaceOrientationLandscapeLeft UIInterfaceOrientationLandscapeRight";
				LD_RUNPATH_SEARCH_PATHS = (
					"$(inherited)",
					"@executable_path/Frameworks",
				);
				MARKETING_VERSION = 1.0;
				PRODUCT_BUNDLE_IDENTIFIER = felipe.test.Beers;
				PRODUCT_NAME = "$(TARGET_NAME)";
				SWIFT_EMIT_LOC_STRINGS = YES;
				SWIFT_VERSION = 5.0;
				TARGETED_DEVICE_FAMILY = "1,2";
			};
			name = Release;
		};
		CDD324D22950E7FE009775A1 /* Debug */ = {
			isa = XCBuildConfiguration;
			buildSettings = {
				ALWAYS_EMBED_SWIFT_STANDARD_LIBRARIES = YES;
				BUNDLE_LOADER = "$(TEST_HOST)";
				CODE_SIGN_STYLE = Automatic;
				CURRENT_PROJECT_VERSION = 1;
				DEVELOPMENT_TEAM = 6J86C6MHA9;
				GENERATE_INFOPLIST_FILE = YES;
				IPHONEOS_DEPLOYMENT_TARGET = 16.0;
				MARKETING_VERSION = 1.0;
				PRODUCT_BUNDLE_IDENTIFIER = felipe.test.BeersTests;
				PRODUCT_NAME = "$(TARGET_NAME)";
				SWIFT_EMIT_LOC_STRINGS = NO;
				SWIFT_VERSION = 5.0;
				TARGETED_DEVICE_FAMILY = "1,2";
				TEST_HOST = "$(BUILT_PRODUCTS_DIR)/Beers.app/$(BUNDLE_EXECUTABLE_FOLDER_PATH)/Beers";
			};
			name = Debug;
		};
		CDD324D32950E7FE009775A1 /* Release */ = {
			isa = XCBuildConfiguration;
			buildSettings = {
				ALWAYS_EMBED_SWIFT_STANDARD_LIBRARIES = YES;
				BUNDLE_LOADER = "$(TEST_HOST)";
				CODE_SIGN_STYLE = Automatic;
				CURRENT_PROJECT_VERSION = 1;
				DEVELOPMENT_TEAM = 6J86C6MHA9;
				GENERATE_INFOPLIST_FILE = YES;
				IPHONEOS_DEPLOYMENT_TARGET = 16.0;
				MARKETING_VERSION = 1.0;
				PRODUCT_BUNDLE_IDENTIFIER = felipe.test.BeersTests;
				PRODUCT_NAME = "$(TARGET_NAME)";
				SWIFT_EMIT_LOC_STRINGS = NO;
				SWIFT_VERSION = 5.0;
				TARGETED_DEVICE_FAMILY = "1,2";
				TEST_HOST = "$(BUILT_PRODUCTS_DIR)/Beers.app/$(BUNDLE_EXECUTABLE_FOLDER_PATH)/Beers";
			};
			name = Release;
		};
		CDD324D52950E7FE009775A1 /* Debug */ = {
			isa = XCBuildConfiguration;
			buildSettings = {
				ALWAYS_EMBED_SWIFT_STANDARD_LIBRARIES = YES;
				CODE_SIGN_STYLE = Automatic;
				CURRENT_PROJECT_VERSION = 1;
				DEVELOPMENT_TEAM = 6J86C6MHA9;
				GENERATE_INFOPLIST_FILE = YES;
				MARKETING_VERSION = 1.0;
				PRODUCT_BUNDLE_IDENTIFIER = felipe.test.BeersUITests;
				PRODUCT_NAME = "$(TARGET_NAME)";
				SWIFT_EMIT_LOC_STRINGS = NO;
				SWIFT_VERSION = 5.0;
				TARGETED_DEVICE_FAMILY = "1,2";
				TEST_TARGET_NAME = Beers;
			};
			name = Debug;
		};
		CDD324D62950E7FE009775A1 /* Release */ = {
			isa = XCBuildConfiguration;
			buildSettings = {
				ALWAYS_EMBED_SWIFT_STANDARD_LIBRARIES = YES;
				CODE_SIGN_STYLE = Automatic;
				CURRENT_PROJECT_VERSION = 1;
				DEVELOPMENT_TEAM = 6J86C6MHA9;
				GENERATE_INFOPLIST_FILE = YES;
				MARKETING_VERSION = 1.0;
				PRODUCT_BUNDLE_IDENTIFIER = felipe.test.BeersUITests;
				PRODUCT_NAME = "$(TARGET_NAME)";
				SWIFT_EMIT_LOC_STRINGS = NO;
				SWIFT_VERSION = 5.0;
				TARGETED_DEVICE_FAMILY = "1,2";
				TEST_TARGET_NAME = Beers;
			};
			name = Release;
		};
/* End XCBuildConfiguration section */

/* Begin XCConfigurationList section */
		CDD3249F2950E7FC009775A1 /* Build configuration list for PBXProject "Beers" */ = {
			isa = XCConfigurationList;
			buildConfigurations = (
				CDD324CC2950E7FE009775A1 /* Debug */,
				CDD324CD2950E7FE009775A1 /* Release */,
			);
			defaultConfigurationIsVisible = 0;
			defaultConfigurationName = Release;
		};
		CDD324CE2950E7FE009775A1 /* Build configuration list for PBXNativeTarget "Beers" */ = {
			isa = XCConfigurationList;
			buildConfigurations = (
				CDD324CF2950E7FE009775A1 /* Debug */,
				CDD324D02950E7FE009775A1 /* Release */,
			);
			defaultConfigurationIsVisible = 0;
			defaultConfigurationName = Release;
		};
		CDD324D12950E7FE009775A1 /* Build configuration list for PBXNativeTarget "BeersTests" */ = {
			isa = XCConfigurationList;
			buildConfigurations = (
				CDD324D22950E7FE009775A1 /* Debug */,
				CDD324D32950E7FE009775A1 /* Release */,
			);
			defaultConfigurationIsVisible = 0;
			defaultConfigurationName = Release;
		};
		CDD324D42950E7FE009775A1 /* Build configuration list for PBXNativeTarget "BeersUITests" */ = {
			isa = XCConfigurationList;
			buildConfigurations = (
				CDD324D52950E7FE009775A1 /* Debug */,
				CDD324D62950E7FE009775A1 /* Release */,
			);
			defaultConfigurationIsVisible = 0;
			defaultConfigurationName = Release;
		};
/* End XCConfigurationList section */
	};
	rootObject = CDD3249C2950E7FC009775A1 /* Project object */;
}
